
Microsoft Visual Studio Solution File, Format Version 12.00
# Visual Studio Version 17
VisualStudioVersion = 17.4.33213.308
MinimumVisualStudioVersion = 10.0.40219.1
Project("{8BC9CEB8-8B4A-11D0-8D11-00A0C91BC942}") = "сервер", "сервер\сервер.vcxproj", "{0C60E3EB-FB63-42AE-B6E9-816F7BBA0FCE}"
EndProject
Global
	GlobalSection(SolutionConfigurationPlatforms) = preSolution
		Debug|x64 = Debug|x64
		Debug|x86 = Debug|x86
		Release|x64 = Release|x64
		Release|x86 = Release|x86
	EndGlobalSection
	GlobalSection(ProjectConfigurationPlatforms) = postSolution
		{0C60E3EB-FB63-42AE-B6E9-816F7BBA0FCE}.Debug|x64.ActiveCfg = Debug|x64
		{0C60E3EB-FB63-42AE-B6E9-816F7BBA0FCE}.Debug|x64.Build.0 = Debug|x64
		{0C60E3EB-FB63-42AE-B6E9-816F7BBA0FCE}.Debug|x86.ActiveCfg = Debug|Win32
		{0C60E3EB-FB63-42AE-B6E9-816F7BBA0FCE}.Debug|x86.Build.0 = Debug|Win32
		{0C60E3EB-FB63-42AE-B6E9-816F7BBA0FCE}.Release|x64.ActiveCfg = Release|x64
		{0C60E3EB-FB63-42AE-B6E9-816F7BBA0FCE}.Release|x64.Build.0 = Release|x64
		{0C60E3EB-FB63-42AE-B6E9-816F7BBA0FCE}.Release|x86.ActiveCfg = Release|Win32
		{0C60E3EB-FB63-42AE-B6E9-816F7BBA0FCE}.Release|x86.Build.0 = Release|Win32
	EndGlobalSection
	GlobalSection(SolutionProperties) = preSolution
		HideSolutionNode = FALSE
	EndGlobalSection
	GlobalSection(ExtensibilityGlobals) = postSolution
		SolutionGuid = {E2C07D80-819F-4D49-94F8-72962F463F6A}
	EndGlobalSection
EndGlobal
